// !$*UTF8*$!
{
	archiveVersion = 1;
	classes = {
	};
	objectVersion = 46;
	objects = {

/* Begin PBXBuildFile section */
		669EC8841A7176AA003B7D37 /* MyWindowController.m in Sources */ = {isa = PBXBuildFile; fileRef = 669EC8821A7176AA003B7D37 /* MyWindowController.m */; };
		669EC8851A7176AA003B7D37 /* MyWindowController.xib in Resources */ = {isa = PBXBuildFile; fileRef = 669EC8831A7176AA003B7D37 /* MyWindowController.xib */; };
/* End PBXBuildFile section */

/* Begin PBXFileReference section */
		669EC8771A7173E5003B7D37 /* ExternalBundle.bundle */ = {isa = PBXFileReference; explicitFileType = wrapper.cfbundle; includeInIndex = 0; path = ExternalBundle.bundle; sourceTree = BUILT_PRODUCTS_DIR; };
		669EC87B1A7173E5003B7D37 /* Info.plist */ = {isa = PBXFileReference; lastKnownFileType = text.plist.xml; path = Info.plist; sourceTree = "<group>"; };
		669EC8811A7176AA003B7D37 /* MyWindowController.h */ = {isa = PBXFileReference; fileEncoding = 4; lastKnownFileType = sourcecode.c.h; path = MyWindowController.h; sourceTree = "<group>"; };
		669EC8821A7176AA003B7D37 /* MyWindowController.m */ = {isa = PBXFileReference; fileEncoding = 4; lastKnownFileType = sourcecode.c.objc; path = MyWindowController.m; sourceTree = "<group>"; };
		669EC8831A7176AA003B7D37 /* MyWindowController.xib */ = {isa = PBXFileReference; fileEncoding = 4; lastKnownFileType = file.xib; path = MyWindowController.xib; sourceTree = "<group>"; };
/* End PBXFileReference section */

/* Begin PBXFrameworksBuildPhase section */
		669EC8741A7173E5003B7D37 /* Frameworks */ = {
			isa = PBXFrameworksBuildPhase;
			buildActionMask = 2147483647;
			files = (
			);
			runOnlyForDeploymentPostprocessing = 0;
		};
/* End PBXFrameworksBuildPhase section */

/* Begin PBXGroup section */
		669EC86E1A7173E5003B7D37 = {
			isa = PBXGroup;
			children = (
				669EC8811A7176AA003B7D37 /* MyWindowController.h */,
				669EC8821A7176AA003B7D37 /* MyWindowController.m */,
				669EC8831A7176AA003B7D37 /* MyWindowController.xib */,
				669EC8791A7173E5003B7D37 /* ExternalBundle */,
				669EC8781A7173E5003B7D37 /* Products */,
			);
			sourceTree = "<group>";
		};
		669EC8781A7173E5003B7D37 /* Products */ = {
			isa = PBXGroup;
			children = (
				669EC8771A7173E5003B7D37 /* ExternalBundle.bundle */,
			);
			name = Products;
			sourceTree = "<group>";
		};
		669EC8791A7173E5003B7D37 /* ExternalBundle */ = {
			isa = PBXGroup;
			children = (
				669EC87A1A7173E5003B7D37 /* Supporting Files */,
			);
			path = ExternalBundle;
			sourceTree = "<group>";
		};
		669EC87A1A7173E5003B7D37 /* Supporting Files */ = {
			isa = PBXGroup;
			children = (
				669EC87B1A7173E5003B7D37 /* Info.plist */,
			);
			name = "Supporting Files";
			sourceTree = "<group>";
		};
/* End PBXGroup section */

/* Begin PBXNativeTarget section */
		669EC8761A7173E5003B7D37 /* ExternalBundle */ = {
			isa = PBXNativeTarget;
			buildConfigurationList = 669EC87E1A7173E5003B7D37 /* Build configuration list for PBXNativeTarget "ExternalBundle" */;
			buildPhases = (
				669EC8731A7173E5003B7D37 /* Sources */,
				669EC8741A7173E5003B7D37 /* Frameworks */,
				669EC8751A7173E5003B7D37 /* Resources */,
			);
			buildRules = (
			);
			dependencies = (
			);
			name = ExternalBundle;
			productName = ExternalBundle;
			productReference = 669EC8771A7173E5003B7D37 /* ExternalBundle.bundle */;
			productType = "com.apple.product-type.bundle";
		};
/* End PBXNativeTarget section */

/* Begin PBXProject section */
		669EC86F1A7173E5003B7D37 /* Project object */ = {
			isa = PBXProject;
			attributes = {
				LastUpgradeCheck = 0610;
				ORGANIZATIONNAME = "Code From Above, LLC";
				TargetAttributes = {
					669EC8761A7173E5003B7D37 = {
						CreatedOnToolsVersion = 6.1.1;
					};
				};
			};
			buildConfigurationList = 669EC8721A7173E5003B7D37 /* Build configuration list for PBXProject "ExternalBundle" */;
			compatibilityVersion = "Xcode 3.2";
			developmentRegion = English;
			hasScannedForEncodings = 0;
			knownRegions = (
				en,
			);
			mainGroup = 669EC86E1A7173E5003B7D37;
			productRefGroup = 669EC8781A7173E5003B7D37 /* Products */;
			projectDirPath = "";
			projectRoot = "";
			targets = (
				669EC8761A7173E5003B7D37 /* ExternalBundle */,
			);
		};
/* End PBXProject section */

/* Begin PBXResourcesBuildPhase section */
		669EC8751A7173E5003B7D37 /* Resources */ = {
			isa = PBXResourcesBuildPhase;
			buildActionMask = 2147483647;
			files = (
				669EC8851A7176AA003B7D37 /* MyWindowController.xib in Resources */,
			);
			runOnlyForDeploymentPostprocessing = 0;
		};
/* End PBXResourcesBuildPhase section */

/* Begin PBXSourcesBuildPhase section */
		669EC8731A7173E5003B7D37 /* Sources */ = {
			isa = PBXSourcesBuildPhase;
			buildActionMask = 2147483647;
			files = (
				669EC8841A7176AA003B7D37 /* MyWindowController.m in Sources */,
			);
			runOnlyForDeploymentPostprocessing = 0;
		};
/* End PBXSourcesBuildPhase section */

/* Begin XCBuildConfiguration section */
		669EC87C1A7173E5003B7D37 /* Debug */ = {
			isa = XCBuildConfiguration;
			buildSettings = {
				ALWAYS_SEARCH_USER_PATHS = NO;
				CLANG_CXX_LANGUAGE_STANDARD = "gnu++0x";
				CLANG_CXX_LIBRARY = "libc++";
				CLANG_ENABLE_MODULES = YES;
				CLANG_ENABLE_OBJC_ARC = YES;
				CLANG_WARN_BOOL_CONVERSION = YES;
				CLANG_WARN_CONSTANT_CONVERSION = YES;
				CLANG_WARN_DIRECT_OBJC_ISA_USAGE = YES_ERROR;
				CLANG_WARN_EMPTY_BODY = YES;
				CLANG_WARN_ENUM_CONVERSION = YES;
				CLANG_WARN_INT_CONVERSION = YES;
				CLANG_WARN_OBJC_ROOT_CLASS = YES_ERROR;
				CLANG_WARN_UNREACHABLE_CODE = YES;
				CLANG_WARN__DUPLICATE_METHOD_MATCH = YES;
				COPY_PHASE_STRIP = NO;
				ENABLE_STRICT_OBJC_MSGSEND = YES;
				GCC_C_LANGUAGE_STANDARD = gnu99;
				GCC_DYNAMIC_NO_PIC = NO;
				GCC_OPTIMIZATION_LEVEL = 0;
				GCC_PREPROCESSOR_DEFINITIONS = (
					"DEBUG=1",
					"$(inherited)",
				);
				GCC_SYMBOLS_PRIVATE_EXTERN = NO;
				GCC_WARN_64_TO_32_BIT_CONVERSION = YES;
				GCC_WARN_ABOUT_RETURN_TYPE = YES_ERROR;
				GCC_WARN_UNDECLARED_SELECTOR = YES;
				GCC_WARN_UNINITIALIZED_AUTOS = YES_AGGRESSIVE;
				GCC_WARN_UNUSED_FUNCTION = YES;
				GCC_WARN_UNUSED_VARIABLE = YES;
				MACOSX_DEPLOYMENT_TARGET = 10.10;
				MTL_ENABLE_DEBUG_INFO = YES;
				ONLY_ACTIVE_ARCH = YES;
				SDKROOT = macosx;
			};
			name = Debug;
		};
		669EC87D1A7173E5003B7D37 /* Release */ = {
			isa = XCBuildConfiguration;
			buildSettings = {
				ALWAYS_SEARCH_USER_PATHS = NO;
				CLANG_CXX_LANGUAGE_STANDARD = "gnu++0x";
				CLANG_CXX_LIBRARY = "libc++";
				CLANG_ENABLE_MODULES = YES;
				CLANG_ENABLE_OBJC_ARC = YES;
				CLANG_WARN_BOOL_CONVERSION = YES;
				CLANG_WARN_CONSTANT_CONVERSION = YES;
				CLANG_WARN_DIRECT_OBJC_ISA_USAGE = YES_ERROR;
				CLANG_WARN_EMPTY_BODY = YES;
				CLANG_WARN_ENUM_CONVERSION = YES;
				CLANG_WARN_INT_CONVERSION = YES;
				CLANG_WARN_OBJC_ROOT_CLASS = YES_ERROR;
				CLANG_WARN_UNREACHABLE_CODE = YES;
				CLANG_WARN__DUPLICATE_METHOD_MATCH = YES;
				COPY_PHASE_STRIP = YES;
				DEBUG_INFORMATION_FORMAT = "dwarf-with-dsym";
				ENABLE_NS_ASSERTIONS = NO;
				ENABLE_STRICT_OBJC_MSGSEND = YES;
				GCC_C_LANGUAGE_STANDARD = gnu99;
				GCC_WARN_64_TO_32_BIT_CONVERSION = YES;
				GCC_WARN_ABOUT_RETURN_TYPE = YES_ERROR;
				GCC_WARN_UNDECLARED_SELECTOR = YES;
				GCC_WARN_UNINITIALIZED_AUTOS = YES_AGGRESSIVE;
				GCC_WARN_UNUSED_FUNCTION = YES;
				GCC_WARN_UNUSED_VARIABLE = YES;
				MACOSX_DEPLOYMENT_TARGET = 10.10;
				MTL_ENABLE_DEBUG_INFO = NO;
				SDKROOT = macosx;
			};
			name = Release;
		};
		669EC87F1A7173E5003B7D37 /* Debug */ = {
			isa = XCBuildConfiguration;
			buildSettings = {
				COMBINE_HIDPI_IMAGES = YES;
				INFOPLIST_FILE = ExternalBundle/Info.plist;
				INSTALL_PATH = "$(LOCAL_LIBRARY_DIR)/Bundles";
				PRODUCT_NAME = "$(TARGET_NAME)";
				SKIP_INSTALL = YES;
				WRAPPER_EXTENSION = bundle;
			};
			name = Debug;
		};
		669EC8801A7173E5003B7D37 /* Release */ = {
			isa = XCBuildConfiguration;
			buildSettings = {
				COMBINE_HIDPI_IMAGES = YES;
				INFOPLIST_FILE = ExternalBundle/Info.plist;
				INSTALL_PATH = "$(LOCAL_LIBRARY_DIR)/Bundles";
				PRODUCT_NAME = "$(TARGET_NAME)";
				SKIP_INSTALL = YES;
				WRAPPER_EXTENSION = bundle;
			};
			name = Release;
		};
/* End XCBuildConfiguration section */

/* Begin XCConfigurationList section */
		669EC8721A7173E5003B7D37 /* Build configuration list for PBXProject "ExternalBundle" */ = {
			isa = XCConfigurationList;
			buildConfigurations = (
				669EC87C1A7173E5003B7D37 /* Debug */,
				669EC87D1A7173E5003B7D37 /* Release */,
			);
			defaultConfigurationIsVisible = 0;
			defaultConfigurationName = Release;
		};
		669EC87E1A7173E5003B7D37 /* Build configuration list for PBXNativeTarget "ExternalBundle" */ = {
			isa = XCConfigurationList;
			buildConfigurations = (
				669EC87F1A7173E5003B7D37 /* Debug */,
				669EC8801A7173E5003B7D37 /* Release */,
			);
			defaultConfigurationIsVisible = 0;
		};
/* End XCConfigurationList section */
	};
	rootObject = 669EC86F1A7173E5003B7D37 /* Project object */;
}
