// !$*UTF8*$!
{
	archiveVersion = 1;
	classes = {
	};
	objectVersion = 52;
	objects = {

/* Begin PBXBuildFile section */
		669EC8211A7159F0003B7D37 /* AppDelegate.m in Sources */ = {isa = PBXBuildFile; fileRef = 669EC8201A7159F0003B7D37 /* AppDelegate.m */; };
		669EC8231A7159F0003B7D37 /* main.m in Sources */ = {isa = PBXBuildFile; fileRef = 669EC8221A7159F0003B7D37 /* main.m */; };
		669EC8251A7159F0003B7D37 /* Images.xcassets in Resources */ = {isa = PBXBuildFile; fileRef = 669EC8241A7159F0003B7D37 /* Images.xcassets */; };
		669EC8281A7159F0003B7D37 /* MainMenu.xib in Resources */ = {isa = PBXBuildFile; fileRef = 669EC8261A7159F0003B7D37 /* MainMenu.xib */; };
		669EC8401A715CAF003B7D37 /* MyWindowController.m in Sources */ = {isa = PBXBuildFile; fileRef = 669EC83E1A715CAF003B7D37 /* MyWindowController.m */; };
		669EC8411A715CAF003B7D37 /* MyWindowController.xib in Resources */ = {isa = PBXBuildFile; fileRef = 669EC83F1A715CAF003B7D37 /* MyWindowController.xib */; };
/* End PBXBuildFile section */

/* Begin PBXFileReference section */
		669EC81A1A7159F0003B7D37 /* SimpleBundleTest.app */ = {isa = PBXFileReference; explicitFileType = wrapper.application; includeInIndex = 0; path = SimpleBundleTest.app; sourceTree = BUILT_PRODUCTS_DIR; };
		669EC81E1A7159F0003B7D37 /* Info.plist */ = {isa = PBXFileReference; lastKnownFileType = text.plist.xml; path = Info.plist; sourceTree = "<group>"; };
		669EC81F1A7159F0003B7D37 /* AppDelegate.h */ = {isa = PBXFileReference; lastKnownFileType = sourcecode.objj.h; path = AppDelegate.h; sourceTree = "<group>"; };
		669EC8201A7159F0003B7D37 /* AppDelegate.m */ = {isa = PBXFileReference; lastKnownFileType = sourcecode.c.objc; path = AppDelegate.m; sourceTree = "<group>"; };
		669EC8221A7159F0003B7D37 /* main.m */ = {isa = PBXFileReference; lastKnownFileType = sourcecode.c.objc; path = main.m; sourceTree = "<group>"; };
		669EC8241A7159F0003B7D37 /* Images.xcassets */ = {isa = PBXFileReference; lastKnownFileType = folder.assetcatalog; path = Images.xcassets; sourceTree = "<group>"; };
		669EC8271A7159F0003B7D37 /* Base */ = {isa = PBXFileReference; lastKnownFileType = file.xib; name = Base; path = Base.lproj/MainMenu.xib; sourceTree = "<group>"; };
		669EC83D1A715CAF003B7D37 /* MyWindowController.h */ = {isa = PBXFileReference; fileEncoding = 4; lastKnownFileType = sourcecode.c.h; path = MyWindowController.h; sourceTree = "<group>"; };
		669EC83E1A715CAF003B7D37 /* MyWindowController.m */ = {isa = PBXFileReference; fileEncoding = 4; lastKnownFileType = sourcecode.c.objc; path = MyWindowController.m; sourceTree = "<group>"; };
		669EC83F1A715CAF003B7D37 /* MyWindowController.xib */ = {isa = PBXFileReference; fileEncoding = 4; lastKnownFileType = file.xib; path = MyWindowController.xib; sourceTree = "<group>"; };
/* End PBXFileReference section */

/* Begin PBXFrameworksBuildPhase section */
		669EC8171A7159F0003B7D37 /* Frameworks */ = {
			isa = PBXFrameworksBuildPhase;
			buildActionMask = 2147483647;
			files = (
			);
			runOnlyForDeploymentPostprocessing = 0;
		};
/* End PBXFrameworksBuildPhase section */

/* Begin PBXGroup section */
		669EC8111A7159F0003B7D37 = {
			isa = PBXGroup;
			children = (
				669EC81F1A7159F0003B7D37 /* AppDelegate.h */,
				669EC8201A7159F0003B7D37 /* AppDelegate.m */,
				669EC8241A7159F0003B7D37 /* Images.xcassets */,
				669EC81E1A7159F0003B7D37 /* Info.plist */,
				669EC8221A7159F0003B7D37 /* main.m */,
				669EC8261A7159F0003B7D37 /* MainMenu.xib */,
				669EC83D1A715CAF003B7D37 /* MyWindowController.h */,
				669EC83E1A715CAF003B7D37 /* MyWindowController.m */,
				669EC83F1A715CAF003B7D37 /* MyWindowController.xib */,
				669EC81B1A7159F0003B7D37 /* Products */,
			);
			sourceTree = "<group>";
		};
		669EC81B1A7159F0003B7D37 /* Products */ = {
			isa = PBXGroup;
			children = (
				669EC81A1A7159F0003B7D37 /* SimpleBundleTest.app */,
			);
			name = Products;
			sourceTree = "<group>";
		};
/* End PBXGroup section */

/* Begin PBXNativeTarget section */
		669EC8191A7159F0003B7D37 /* SimpleBundleTest */ = {
			isa = PBXNativeTarget;
			buildConfigurationList = 669EC8371A7159F0003B7D37 /* Build configuration list for PBXNativeTarget "SimpleBundleTest" */;
			buildPhases = (
				669EC8161A7159F0003B7D37 /* Sources */,
				669EC8171A7159F0003B7D37 /* Frameworks */,
				669EC8181A7159F0003B7D37 /* Resources */,
			);
			buildRules = (
			);
			dependencies = (
			);
			name = SimpleBundleTest;
			productName = SimpleBundleTest;
			productReference = 669EC81A1A7159F0003B7D37 /* SimpleBundleTest.app */;
			productType = "com.apple.product-type.application";
		};
/* End PBXNativeTarget section */

/* Begin PBXProject section */
		669EC8121A7159F0003B7D37 /* Project object */ = {
			isa = PBXProject;
			attributes = {
				LastUpgradeCheck = 1130;
				ORGANIZATIONNAME = "Code From Above, LLC";
				TargetAttributes = {
					669EC8191A7159F0003B7D37 = {
						CreatedOnToolsVersion = 6.1.1;
					};
				};
			};
			buildConfigurationList = 669EC8151A7159F0003B7D37 /* Build configuration list for PBXProject "SimpleBundleTest" */;
			compatibilityVersion = "Xcode 11.0";
			developmentRegion = en;
			hasScannedForEncodings = 0;
			knownRegions = (
				en,
				Base,
			);
			mainGroup = 669EC8111A7159F0003B7D37;
			productRefGroup = 669EC81B1A7159F0003B7D37 /* Products */;
			projectDirPath = "";
			projectRoot = "";
			targets = (
				669EC8191A7159F0003B7D37 /* SimpleBundleTest */,
			);
		};
/* End PBXProject section */

/* Begin PBXResourcesBuildPhase section */
		669EC8181A7159F0003B7D37 /* Resources */ = {
			isa = PBXResourcesBuildPhase;
			buildActionMask = 2147483647;
			files = (
				669EC8411A715CAF003B7D37 /* MyWindowController.xib in Resources */,
				669EC8251A7159F0003B7D37 /* Images.xcassets in Resources */,
				669EC8281A7159F0003B7D37 /* MainMenu.xib in Resources */,
			);
			runOnlyForDeploymentPostprocessing = 0;
		};
/* End PBXResourcesBuildPhase section */

/* Begin PBXSourcesBuildPhase section */
		669EC8161A7159F0003B7D37 /* Sources */ = {
			isa = PBXSourcesBuildPhase;
			buildActionMask = 2147483647;
			files = (
				669EC8231A7159F0003B7D37 /* main.m in Sources */,
				669EC8211A7159F0003B7D37 /* AppDelegate.m in Sources */,
				669EC8401A715CAF003B7D37 /* MyWindowController.m in Sources */,
			);
			runOnlyForDeploymentPostprocessing = 0;
		};
/* End PBXSourcesBuildPhase section */

/* Begin PBXVariantGroup section */
		669EC8261A7159F0003B7D37 /* MainMenu.xib */ = {
			isa = PBXVariantGroup;
			children = (
				669EC8271A7159F0003B7D37 /* Base */,
			);
			name = MainMenu.xib;
			sourceTree = "<group>";
		};
/* End PBXVariantGroup section */

/* Begin XCBuildConfiguration section */
		669EC8351A7159F0003B7D37 /* Debug */ = {
			isa = XCBuildConfiguration;
			buildSettings = {
				ALWAYS_SEARCH_USER_PATHS = NO;
				CLANG_ANALYZER_LOCALIZABILITY_NONLOCALIZED = YES;
				CLANG_CXX_LANGUAGE_STANDARD = "gnu++0x";
				CLANG_CXX_LIBRARY = "libc++";
				CLANG_ENABLE_MODULES = YES;
				CLANG_ENABLE_OBJC_ARC = YES;
				CLANG_WARN_BLOCK_CAPTURE_AUTORELEASING = YES;
				CLANG_WARN_BOOL_CONVERSION = YES;
				CLANG_WARN_COMMA = YES;
				CLANG_WARN_CONSTANT_CONVERSION = YES;
				CLANG_WARN_DEPRECATED_OBJC_IMPLEMENTATIONS = YES;
				CLANG_WARN_DIRECT_OBJC_ISA_USAGE = YES_ERROR;
				CLANG_WARN_EMPTY_BODY = YES;
				CLANG_WARN_ENUM_CONVERSION = YES;
				CLANG_WARN_INFINITE_RECURSION = YES;
				CLANG_WARN_INT_CONVERSION = YES;
				CLANG_WARN_NON_LITERAL_NULL_CONVERSION = YES;
				CLANG_WARN_OBJC_IMPLICIT_RETAIN_SELF = YES;
				CLANG_WARN_OBJC_LITERAL_CONVERSION = YES;
				CLANG_WARN_OBJC_ROOT_CLASS = YES_ERROR;
				CLANG_WARN_RANGE_LOOP_ANALYSIS = YES;
				CLANG_WARN_STRICT_PROTOTYPES = YES;
				CLANG_WARN_SUSPICIOUS_MOVE = YES;
				CLANG_WARN_UNREACHABLE_CODE = YES;
				CLANG_WARN__DUPLICATE_METHOD_MATCH = YES;
				CODE_SIGN_IDENTITY = "-";
				COPY_PHASE_STRIP = NO;
				ENABLE_STRICT_OBJC_MSGSEND = YES;
				ENABLE_TESTABILITY = YES;
				GCC_C_LANGUAGE_STANDARD = gnu99;
				GCC_DYNAMIC_NO_PIC = NO;
				GCC_NO_COMMON_BLOCKS = YES;
				GCC_OPTIMIZATION_LEVEL = 0;
				GCC_PREPROCESSOR_DEFINITIONS = (
					"DEBUG=1",
					"$(inherited)",
				);
				GCC_SYMBOLS_PRIVATE_EXTERN = NO;
				GCC_WARN_64_TO_32_BIT_CONVERSION = YES;
				GCC_WARN_ABOUT_RETURN_TYPE = YES_ERROR;
				GCC_WARN_UNDECLARED_SELECTOR = YES;
				GCC_WARN_UNINITIALIZED_AUTOS = YES_AGGRESSIVE;
				GCC_WARN_UNUSED_FUNCTION = YES;
				GCC_WARN_UNUSED_VARIABLE = YES;
				MACOSX_DEPLOYMENT_TARGET = 10.15;
				MTL_ENABLE_DEBUG_INFO = YES;
				ONLY_ACTIVE_ARCH = YES;
				SDKROOT = macosx;
			};
			name = Debug;
		};
		669EC8361A7159F0003B7D37 /* Release */ = {
			isa = XCBuildConfiguration;
			buildSettings = {
				ALWAYS_SEARCH_USER_PATHS = NO;
				CLANG_ANALYZER_LOCALIZABILITY_NONLOCALIZED = YES;
				CLANG_CXX_LANGUAGE_STANDARD = "gnu++0x";
				CLANG_CXX_LIBRARY = "libc++";
				CLANG_ENABLE_MODULES = YES;
				CLANG_ENABLE_OBJC_ARC = YES;
				CLANG_WARN_BLOCK_CAPTURE_AUTORELEASING = YES;
				CLANG_WARN_BOOL_CONVERSION = YES;
				CLANG_WARN_COMMA = YES;
				CLANG_WARN_CONSTANT_CONVERSION = YES;
				CLANG_WARN_DEPRECATED_OBJC_IMPLEMENTATIONS = YES;
				CLANG_WARN_DIRECT_OBJC_ISA_USAGE = YES_ERROR;
				CLANG_WARN_EMPTY_BODY = YES;
				CLANG_WARN_ENUM_CONVERSION = YES;
				CLANG_WARN_INFINITE_RECURSION = YES;
				CLANG_WARN_INT_CONVERSION = YES;
				CLANG_WARN_NON_LITERAL_NULL_CONVERSION = YES;
				CLANG_WARN_OBJC_IMPLICIT_RETAIN_SELF = YES;
				CLANG_WARN_OBJC_LITERAL_CONVERSION = YES;
				CLANG_WARN_OBJC_ROOT_CLASS = YES_ERROR;
				CLANG_WARN_RANGE_LOOP_ANALYSIS = YES;
				CLANG_WARN_STRICT_PROTOTYPES = YES;
				CLANG_WARN_SUSPICIOUS_MOVE = YES;
				CLANG_WARN_UNREACHABLE_CODE = YES;
				CLANG_WARN__DUPLICATE_METHOD_MATCH = YES;
				CODE_SIGN_IDENTITY = "-";
				COPY_PHASE_STRIP = YES;
				DEBUG_INFORMATION_FORMAT = "dwarf-with-dsym";
				ENABLE_NS_ASSERTIONS = NO;
				ENABLE_STRICT_OBJC_MSGSEND = YES;
				GCC_C_LANGUAGE_STANDARD = gnu99;
				GCC_NO_COMMON_BLOCKS = YES;
				GCC_WARN_64_TO_32_BIT_CONVERSION = YES;
				GCC_WARN_ABOUT_RETURN_TYPE = YES_ERROR;
				GCC_WARN_UNDECLARED_SELECTOR = YES;
				GCC_WARN_UNINITIALIZED_AUTOS = YES_AGGRESSIVE;
				GCC_WARN_UNUSED_FUNCTION = YES;
				GCC_WARN_UNUSED_VARIABLE = YES;
				MACOSX_DEPLOYMENT_TARGET = 10.15;
				MTL_ENABLE_DEBUG_INFO = NO;
				SDKROOT = macosx;
			};
			name = Release;
		};
		669EC8381A7159F0003B7D37 /* Debug */ = {
			isa = XCBuildConfiguration;
			buildSettings = {
				ASSETCATALOG_COMPILER_APPICON_NAME = AppIcon;
				CODE_SIGN_IDENTITY = "-";
				COMBINE_HIDPI_IMAGES = YES;
				INFOPLIST_FILE = Info.plist;
				LD_RUNPATH_SEARCH_PATHS = (
					"$(inherited)",
					"@executable_path/../Frameworks",
				);
				MACOSX_DEPLOYMENT_TARGET = "$(RECOMMENDED_MACOSX_DEPLOYMENT_TARGET)";
				PRODUCT_BUNDLE_IDENTIFIER = "com.codefromabove.$(PRODUCT_NAME:rfc1034identifier)";
				PRODUCT_NAME = "$(TARGET_NAME)";
			};
			name = Debug;
		};
		669EC8391A7159F0003B7D37 /* Release */ = {
			isa = XCBuildConfiguration;
			buildSettings = {
				ASSETCATALOG_COMPILER_APPICON_NAME = AppIcon;
				CODE_SIGN_IDENTITY = "-";
				COMBINE_HIDPI_IMAGES = YES;
				INFOPLIST_FILE = Info.plist;
				LD_RUNPATH_SEARCH_PATHS = (
					"$(inherited)",
					"@executable_path/../Frameworks",
				);
				MACOSX_DEPLOYMENT_TARGET = "$(RECOMMENDED_MACOSX_DEPLOYMENT_TARGET)";
				PRODUCT_BUNDLE_IDENTIFIER = "com.codefromabove.$(PRODUCT_NAME:rfc1034identifier)";
				PRODUCT_NAME = "$(TARGET_NAME)";
			};
			name = Release;
		};
/* End XCBuildConfiguration section */

/* Begin XCConfigurationList section */
		669EC8151A7159F0003B7D37 /* Build configuration list for PBXProject "SimpleBundleTest" */ = {
			isa = XCConfigurationList;
			buildConfigurations = (
				669EC8351A7159F0003B7D37 /* Debug */,
				669EC8361A7159F0003B7D37 /* Release */,
			);
			defaultConfigurationIsVisible = 0;
			defaultConfigurationName = Release;
		};
		669EC8371A7159F0003B7D37 /* Build configuration list for PBXNativeTarget "SimpleBundleTest" */ = {
			isa = XCConfigurationList;
			buildConfigurations = (
				669EC8381A7159F0003B7D37 /* Debug */,
				669EC8391A7159F0003B7D37 /* Release */,
			);
			defaultConfigurationIsVisible = 0;
			defaultConfigurationName = Release;
		};
/* End XCConfigurationList section */
	};
	rootObject = 669EC8121A7159F0003B7D37 /* Project object */;
}
